
Microsoft Visual Studio Solution File, Format Version 12.00
# Visual Studio Version 17
VisualStudioVersion = 17.2.32630.192
MinimumVisualStudioVersion = 10.0.40219.1
Project("{2150E333-8FDC-42A3-9474-1A3956D46DE8}") = "ShopManagement", "ShopManagement", "{2F7C5C5B-1F12-42DA-9E69-EA6F9DD64D5D}"
EndProject
Project("{2150E333-8FDC-42A3-9474-1A3956D46DE8}") = "SM.Domain", "SM.Domain", "{40E9013D-7812-4394-B164-83BDB52F38B6}"
EndProject
Project("{9A19103F-16F7-4668-BE54-9A1E7A4F7556}") = "ShopManagement.Domain", "ShopManagement.Domain\ShopManagement.Domain.csproj", "{158C1458-878E-4E32-B223-DB626D1253D8}"
EndProject
Project("{9A19103F-16F7-4668-BE54-9A1E7A4F7556}") = "0_Framework", "0_Framework\0_Framework.csproj", "{3509FFFC-DB1B-4C36-92E3-738A8D167C82}"
EndProject
Project("{2150E333-8FDC-42A3-9474-1A3956D46DE8}") = "SM.Application", "SM.Application", "{0352D831-4CDE-4014-8C5F-505D32C8B635}"
EndProject
Project("{9A19103F-16F7-4668-BE54-9A1E7A4F7556}") = "ShopManagement.Application.Contracts", "ShopManagement.Application.Contracts\ShopManagement.Application.Contracts.csproj", "{552C010C-4867-485C-AAD5-2271DECD8CA1}"
EndProject
Project("{9A19103F-16F7-4668-BE54-9A1E7A4F7556}") = "ShopManagement.Application", "ShopManagement.Application\ShopManagement.Application.csproj", "{ABA54FDC-F77C-425D-A4A1-C4FC8E9A6D97}"
EndProject
Project("{2150E333-8FDC-42A3-9474-1A3956D46DE8}") = "SM.Infrastructure", "SM.Infrastructure", "{D7D70EF7-7D80-473C-A477-5EEC49D61059}"
EndProject
Project("{9A19103F-16F7-4668-BE54-9A1E7A4F7556}") = "ShopManagement.Infrastructure.EFCore", "ShopManagement.Infrastructure.EFCore\ShopManagement.Infrastructure.EFCore.csproj", "{06548FFB-5406-448E-B585-E4D5F4334E3F}"
EndProject
Project("{9A19103F-16F7-4668-BE54-9A1E7A4F7556}") = "ShopManagement.Configuration", "ShopManagement.Configuration\ShopManagement.Configuration.csproj", "{D48B5115-A31E-444B-AFAD-073741363A4A}"
EndProject
Project("{9A19103F-16F7-4668-BE54-9A1E7A4F7556}") = "ServiceHost", "ServiceHost\ServiceHost.csproj", "{78F75FC3-8541-4D15-BA49-D0C6759C8EE8}"
EndProject
Project("{9A19103F-16F7-4668-BE54-9A1E7A4F7556}") = "01_LampshadeQuery", "01_LampshadeQuery\01_LampshadeQuery.csproj", "{E95AD23F-0B1C-4B1C-8490-656E58B8C5CA}"
EndProject
Project("{2150E333-8FDC-42A3-9474-1A3956D46DE8}") = "DiscountManagement", "DiscountManagement", "{D44A614A-2897-4200-862B-E8D1D36A642F}"
EndProject
Project("{2150E333-8FDC-42A3-9474-1A3956D46DE8}") = "DM.Domain", "DM.Domain", "{FA886614-18D2-4F42-9578-54E3707E2C42}"
EndProject
Project("{9A19103F-16F7-4668-BE54-9A1E7A4F7556}") = "DiscountManagement.Domain", "DiscountManagement.Domain\DiscountManagement.Domain.csproj", "{BF9FFD0F-44C0-4732-9760-32ABA69C97E3}"
EndProject
Project("{2150E333-8FDC-42A3-9474-1A3956D46DE8}") = "DM.Application", "DM.Application", "{477DF004-63F4-4035-A0DE-7AF88EC1058A}"
EndProject
Project("{9A19103F-16F7-4668-BE54-9A1E7A4F7556}") = "DiscountManagement.Application.Contracts", "DiscountManagement.Application.Contracts\DiscountManagement.Application.Contracts.csproj", "{2E37CE51-9743-4EDF-B392-70E5FA69D74B}"
EndProject
Project("{9A19103F-16F7-4668-BE54-9A1E7A4F7556}") = "DiscountManagement.Application", "DiscountManagement.Application\DiscountManagement.Application.csproj", "{4681C2B3-69A9-4365-B40F-33EC6038D4C2}"
EndProject
Project("{2150E333-8FDC-42A3-9474-1A3956D46DE8}") = "DM.Infrastructure", "DM.Infrastructure", "{27E11C10-603D-499E-8C9D-8E3B76E43F89}"
EndProject
Project("{9A19103F-16F7-4668-BE54-9A1E7A4F7556}") = "DiscountManagement.Infrastructure.EFCore", "DicountManagement.Infrastructure.EFCore\DiscountManagement.Infrastructure.EFCore.csproj", "{D934D921-1FB4-46A5-BE6E-A8ECD0D69718}"
EndProject
Project("{9A19103F-16F7-4668-BE54-9A1E7A4F7556}") = "DiscountManagement.Configuration", "DiscountManagement.Configuration\DiscountManagement.Configuration.csproj", "{3814B936-F2B5-4215-A7F8-D25569C9D974}"
EndProject
Project("{2150E333-8FDC-42A3-9474-1A3956D46DE8}") = "InventoryManagement", "InventoryManagement", "{57C4F2A2-E030-4269-AB4F-320CD37207F2}"
EndProject
Project("{2150E333-8FDC-42A3-9474-1A3956D46DE8}") = "IM.Domain", "IM.Domain", "{BBAFC5FD-A8CE-4174-9397-DC16AD7DF2EE}"
EndProject
Project("{9A19103F-16F7-4668-BE54-9A1E7A4F7556}") = "InventoryManagement.Domain", "InventoryManagement.Domain\InventoryManagement.Domain.csproj", "{E6F560A8-81BC-4550-9AB5-A00658FFD058}"
EndProject
Project("{2150E333-8FDC-42A3-9474-1A3956D46DE8}") = "IM.Application", "IM.Application", "{F18B1B60-F5A8-4529-BF16-0F016AC21213}"
EndProject
Project("{9A19103F-16F7-4668-BE54-9A1E7A4F7556}") = "InventoryManagement.Application.Contracts", "InventoryManagement.Application.Contracts\InventoryManagement.Application.Contracts.csproj", "{CDB83FA9-2523-4CB8-BE39-EE47C908E11B}"
EndProject
Project("{9A19103F-16F7-4668-BE54-9A1E7A4F7556}") = "InventoryManagement.Application", "InventoryManagement.Application\InventoryManagement.Application.csproj", "{3C799A3F-0F6D-428C-9E6B-CB83E53B2567}"
EndProject
Project("{2150E333-8FDC-42A3-9474-1A3956D46DE8}") = "IM.Infrastructure", "IM.Infrastructure", "{E98AF631-E9F4-471C-BE7D-A02A0148D61A}"
EndProject
Project("{9A19103F-16F7-4668-BE54-9A1E7A4F7556}") = "InventoryManagement.Infrastructure.EFCore", "InventoryManagement.Infrastructure.EFCore\InventoryManagement.Infrastructure.EFCore.csproj", "{DDBAC042-CD8C-4491-8C2A-67041EA872F4}"
EndProject
Project("{9A19103F-16F7-4668-BE54-9A1E7A4F7556}") = "InventoryManagement.Configuration", "InventoryManagement.Configuration\InventoryManagement.Configuration.csproj", "{011AA9EC-9511-4D4C-BA19-AC4E2410A95C}"
EndProject
Global
	GlobalSection(SolutionConfigurationPlatforms) = preSolution
		Debug|Any CPU = Debug|Any CPU
		Release|Any CPU = Release|Any CPU
	EndGlobalSection
	GlobalSection(ProjectConfigurationPlatforms) = postSolution
		{158C1458-878E-4E32-B223-DB626D1253D8}.Debug|Any CPU.ActiveCfg = Debug|Any CPU
		{158C1458-878E-4E32-B223-DB626D1253D8}.Debug|Any CPU.Build.0 = Debug|Any CPU
		{158C1458-878E-4E32-B223-DB626D1253D8}.Release|Any CPU.ActiveCfg = Release|Any CPU
		{158C1458-878E-4E32-B223-DB626D1253D8}.Release|Any CPU.Build.0 = Release|Any CPU
		{3509FFFC-DB1B-4C36-92E3-738A8D167C82}.Debug|Any CPU.ActiveCfg = Debug|Any CPU
		{3509FFFC-DB1B-4C36-92E3-738A8D167C82}.Debug|Any CPU.Build.0 = Debug|Any CPU
		{3509FFFC-DB1B-4C36-92E3-738A8D167C82}.Release|Any CPU.ActiveCfg = Release|Any CPU
		{3509FFFC-DB1B-4C36-92E3-738A8D167C82}.Release|Any CPU.Build.0 = Release|Any CPU
		{552C010C-4867-485C-AAD5-2271DECD8CA1}.Debug|Any CPU.ActiveCfg = Debug|Any CPU
		{552C010C-4867-485C-AAD5-2271DECD8CA1}.Debug|Any CPU.Build.0 = Debug|Any CPU
		{552C010C-4867-485C-AAD5-2271DECD8CA1}.Release|Any CPU.ActiveCfg = Release|Any CPU
		{552C010C-4867-485C-AAD5-2271DECD8CA1}.Release|Any CPU.Build.0 = Release|Any CPU
		{ABA54FDC-F77C-425D-A4A1-C4FC8E9A6D97}.Debug|Any CPU.ActiveCfg = Debug|Any CPU
		{ABA54FDC-F77C-425D-A4A1-C4FC8E9A6D97}.Debug|Any CPU.Build.0 = Debug|Any CPU
		{ABA54FDC-F77C-425D-A4A1-C4FC8E9A6D97}.Release|Any CPU.ActiveCfg = Release|Any CPU
		{ABA54FDC-F77C-425D-A4A1-C4FC8E9A6D97}.Release|Any CPU.Build.0 = Release|Any CPU
		{06548FFB-5406-448E-B585-E4D5F4334E3F}.Debug|Any CPU.ActiveCfg = Debug|Any CPU
		{06548FFB-5406-448E-B585-E4D5F4334E3F}.Debug|Any CPU.Build.0 = Debug|Any CPU
		{06548FFB-5406-448E-B585-E4D5F4334E3F}.Release|Any CPU.ActiveCfg = Release|Any CPU
		{06548FFB-5406-448E-B585-E4D5F4334E3F}.Release|Any CPU.Build.0 = Release|Any CPU
		{D48B5115-A31E-444B-AFAD-073741363A4A}.Debug|Any CPU.ActiveCfg = Debug|Any CPU
		{D48B5115-A31E-444B-AFAD-073741363A4A}.Debug|Any CPU.Build.0 = Debug|Any CPU
		{D48B5115-A31E-444B-AFAD-073741363A4A}.Release|Any CPU.ActiveCfg = Release|Any CPU
		{D48B5115-A31E-444B-AFAD-073741363A4A}.Release|Any CPU.Build.0 = Release|Any CPU
		{78F75FC3-8541-4D15-BA49-D0C6759C8EE8}.Debug|Any CPU.ActiveCfg = Debug|Any CPU
		{78F75FC3-8541-4D15-BA49-D0C6759C8EE8}.Debug|Any CPU.Build.0 = Debug|Any CPU
		{78F75FC3-8541-4D15-BA49-D0C6759C8EE8}.Release|Any CPU.ActiveCfg = Release|Any CPU
		{78F75FC3-8541-4D15-BA49-D0C6759C8EE8}.Release|Any CPU.Build.0 = Release|Any CPU
		{E95AD23F-0B1C-4B1C-8490-656E58B8C5CA}.Debug|Any CPU.ActiveCfg = Debug|Any CPU
		{E95AD23F-0B1C-4B1C-8490-656E58B8C5CA}.Debug|Any CPU.Build.0 = Debug|Any CPU
		{E95AD23F-0B1C-4B1C-8490-656E58B8C5CA}.Release|Any CPU.ActiveCfg = Release|Any CPU
		{E95AD23F-0B1C-4B1C-8490-656E58B8C5CA}.Release|Any CPU.Build.0 = Release|Any CPU
		{BF9FFD0F-44C0-4732-9760-32ABA69C97E3}.Debug|Any CPU.ActiveCfg = Debug|Any CPU
		{BF9FFD0F-44C0-4732-9760-32ABA69C97E3}.Debug|Any CPU.Build.0 = Debug|Any CPU
		{BF9FFD0F-44C0-4732-9760-32ABA69C97E3}.Release|Any CPU.ActiveCfg = Release|Any CPU
		{BF9FFD0F-44C0-4732-9760-32ABA69C97E3}.Release|Any CPU.Build.0 = Release|Any CPU
		{2E37CE51-9743-4EDF-B392-70E5FA69D74B}.Debug|Any CPU.ActiveCfg = Debug|Any CPU
		{2E37CE51-9743-4EDF-B392-70E5FA69D74B}.Debug|Any CPU.Build.0 = Debug|Any CPU
		{2E37CE51-9743-4EDF-B392-70E5FA69D74B}.Release|Any CPU.ActiveCfg = Release|Any CPU
		{2E37CE51-9743-4EDF-B392-70E5FA69D74B}.Release|Any CPU.Build.0 = Release|Any CPU
		{4681C2B3-69A9-4365-B40F-33EC6038D4C2}.Debug|Any CPU.ActiveCfg = Debug|Any CPU
		{4681C2B3-69A9-4365-B40F-33EC6038D4C2}.Debug|Any CPU.Build.0 = Debug|Any CPU
		{4681C2B3-69A9-4365-B40F-33EC6038D4C2}.Release|Any CPU.ActiveCfg = Release|Any CPU
		{4681C2B3-69A9-4365-B40F-33EC6038D4C2}.Release|Any CPU.Build.0 = Release|Any CPU
		{D934D921-1FB4-46A5-BE6E-A8ECD0D69718}.Debug|Any CPU.ActiveCfg = Debug|Any CPU
		{D934D921-1FB4-46A5-BE6E-A8ECD0D69718}.Debug|Any CPU.Build.0 = Debug|Any CPU
		{D934D921-1FB4-46A5-BE6E-A8ECD0D69718}.Release|Any CPU.ActiveCfg = Release|Any CPU
		{D934D921-1FB4-46A5-BE6E-A8ECD0D69718}.Release|Any CPU.Build.0 = Release|Any CPU
		{3814B936-F2B5-4215-A7F8-D25569C9D974}.Debug|Any CPU.ActiveCfg = Debug|Any CPU
		{3814B936-F2B5-4215-A7F8-D25569C9D974}.Debug|Any CPU.Build.0 = Debug|Any CPU
		{3814B936-F2B5-4215-A7F8-D25569C9D974}.Release|Any CPU.ActiveCfg = Release|Any CPU
		{3814B936-F2B5-4215-A7F8-D25569C9D974}.Release|Any CPU.Build.0 = Release|Any CPU
		{E6F560A8-81BC-4550-9AB5-A00658FFD058}.Debug|Any CPU.ActiveCfg = Debug|Any CPU
		{E6F560A8-81BC-4550-9AB5-A00658FFD058}.Debug|Any CPU.Build.0 = Debug|Any CPU
		{E6F560A8-81BC-4550-9AB5-A00658FFD058}.Release|Any CPU.ActiveCfg = Release|Any CPU
		{E6F560A8-81BC-4550-9AB5-A00658FFD058}.Release|Any CPU.Build.0 = Release|Any CPU
		{CDB83FA9-2523-4CB8-BE39-EE47C908E11B}.Debug|Any CPU.ActiveCfg = Debug|Any CPU
		{CDB83FA9-2523-4CB8-BE39-EE47C908E11B}.Debug|Any CPU.Build.0 = Debug|Any CPU
		{CDB83FA9-2523-4CB8-BE39-EE47C908E11B}.Release|Any CPU.ActiveCfg = Release|Any CPU
		{CDB83FA9-2523-4CB8-BE39-EE47C908E11B}.Release|Any CPU.Build.0 = Release|Any CPU
		{3C799A3F-0F6D-428C-9E6B-CB83E53B2567}.Debug|Any CPU.ActiveCfg = Debug|Any CPU
		{3C799A3F-0F6D-428C-9E6B-CB83E53B2567}.Debug|Any CPU.Build.0 = Debug|Any CPU
		{3C799A3F-0F6D-428C-9E6B-CB83E53B2567}.Release|Any CPU.ActiveCfg = Release|Any CPU
		{3C799A3F-0F6D-428C-9E6B-CB83E53B2567}.Release|Any CPU.Build.0 = Release|Any CPU
		{DDBAC042-CD8C-4491-8C2A-67041EA872F4}.Debug|Any CPU.ActiveCfg = Debug|Any CPU
		{DDBAC042-CD8C-4491-8C2A-67041EA872F4}.Debug|Any CPU.Build.0 = Debug|Any CPU
		{DDBAC042-CD8C-4491-8C2A-67041EA872F4}.Release|Any CPU.ActiveCfg = Release|Any CPU
		{DDBAC042-CD8C-4491-8C2A-67041EA872F4}.Release|Any CPU.Build.0 = Release|Any CPU
		{011AA9EC-9511-4D4C-BA19-AC4E2410A95C}.Debug|Any CPU.ActiveCfg = Debug|Any CPU
		{011AA9EC-9511-4D4C-BA19-AC4E2410A95C}.Debug|Any CPU.Build.0 = Debug|Any CPU
		{011AA9EC-9511-4D4C-BA19-AC4E2410A95C}.Release|Any CPU.ActiveCfg = Release|Any CPU
		{011AA9EC-9511-4D4C-BA19-AC4E2410A95C}.Release|Any CPU.Build.0 = Release|Any CPU
	EndGlobalSection
	GlobalSection(SolutionProperties) = preSolution
		HideSolutionNode = FALSE
	EndGlobalSection
	GlobalSection(NestedProjects) = preSolution
		{40E9013D-7812-4394-B164-83BDB52F38B6} = {2F7C5C5B-1F12-42DA-9E69-EA6F9DD64D5D}
		{158C1458-878E-4E32-B223-DB626D1253D8} = {40E9013D-7812-4394-B164-83BDB52F38B6}
		{0352D831-4CDE-4014-8C5F-505D32C8B635} = {2F7C5C5B-1F12-42DA-9E69-EA6F9DD64D5D}
		{552C010C-4867-485C-AAD5-2271DECD8CA1} = {0352D831-4CDE-4014-8C5F-505D32C8B635}
		{ABA54FDC-F77C-425D-A4A1-C4FC8E9A6D97} = {0352D831-4CDE-4014-8C5F-505D32C8B635}
		{D7D70EF7-7D80-473C-A477-5EEC49D61059} = {2F7C5C5B-1F12-42DA-9E69-EA6F9DD64D5D}
		{06548FFB-5406-448E-B585-E4D5F4334E3F} = {D7D70EF7-7D80-473C-A477-5EEC49D61059}
		{D48B5115-A31E-444B-AFAD-073741363A4A} = {D7D70EF7-7D80-473C-A477-5EEC49D61059}
		{FA886614-18D2-4F42-9578-54E3707E2C42} = {D44A614A-2897-4200-862B-E8D1D36A642F}
		{BF9FFD0F-44C0-4732-9760-32ABA69C97E3} = {FA886614-18D2-4F42-9578-54E3707E2C42}
		{477DF004-63F4-4035-A0DE-7AF88EC1058A} = {D44A614A-2897-4200-862B-E8D1D36A642F}
		{2E37CE51-9743-4EDF-B392-70E5FA69D74B} = {477DF004-63F4-4035-A0DE-7AF88EC1058A}
		{4681C2B3-69A9-4365-B40F-33EC6038D4C2} = {477DF004-63F4-4035-A0DE-7AF88EC1058A}
		{27E11C10-603D-499E-8C9D-8E3B76E43F89} = {D44A614A-2897-4200-862B-E8D1D36A642F}
		{D934D921-1FB4-46A5-BE6E-A8ECD0D69718} = {27E11C10-603D-499E-8C9D-8E3B76E43F89}
		{3814B936-F2B5-4215-A7F8-D25569C9D974} = {27E11C10-603D-499E-8C9D-8E3B76E43F89}
		{BBAFC5FD-A8CE-4174-9397-DC16AD7DF2EE} = {57C4F2A2-E030-4269-AB4F-320CD37207F2}
		{E6F560A8-81BC-4550-9AB5-A00658FFD058} = {BBAFC5FD-A8CE-4174-9397-DC16AD7DF2EE}
		{F18B1B60-F5A8-4529-BF16-0F016AC21213} = {57C4F2A2-E030-4269-AB4F-320CD37207F2}
		{CDB83FA9-2523-4CB8-BE39-EE47C908E11B} = {F18B1B60-F5A8-4529-BF16-0F016AC21213}
		{3C799A3F-0F6D-428C-9E6B-CB83E53B2567} = {F18B1B60-F5A8-4529-BF16-0F016AC21213}
		{E98AF631-E9F4-471C-BE7D-A02A0148D61A} = {57C4F2A2-E030-4269-AB4F-320CD37207F2}
		{DDBAC042-CD8C-4491-8C2A-67041EA872F4} = {E98AF631-E9F4-471C-BE7D-A02A0148D61A}
		{011AA9EC-9511-4D4C-BA19-AC4E2410A95C} = {E98AF631-E9F4-471C-BE7D-A02A0148D61A}
	EndGlobalSection
	GlobalSection(ExtensibilityGlobals) = postSolution
		SolutionGuid = {E17CBBB7-C592-4E8D-9ED5-6AB770CB3798}
	EndGlobalSection
EndGlobal
